
Microsoft Visual Studio Solution File, Format Version 12.00
# Visual Studio Version 17
VisualStudioVersion = 17.11.35312.102
MinimumVisualStudioVersion = 10.0.40219.1
Project("{FAE04EC0-301F-11D3-BF4B-00C04F79EFBC}") = "My_DVLD_Presentation", "My_DVLD_Presentation.csproj", "{DAD5E891-80C7-40F0-B9FB-ED92ED8B0DB5}"
EndProject
Project("{FAE04EC0-301F-11D3-BF4B-00C04F79EFBC}") = "DVLD_Business", "..\DVLD_Business\DVLD_Business.csproj", "{0120656D-4CF5-446E-8361-4AD8EDC94A2E}"
EndProject
Project("{FAE04EC0-301F-11D3-BF4B-00C04F79EFBC}") = "DVLD_DataAccess", "..\DVLD_DataAccess\DVLD_DataAccess.csproj", "{DC08C25E-7DCE-479E-91C2-4E11A2983217}"
EndProject
Global
	GlobalSection(SolutionConfigurationPlatforms) = preSolution
		Debug|Any CPU = Debug|Any CPU
		Release|Any CPU = Release|Any CPU
	EndGlobalSection
	GlobalSection(ProjectConfigurationPlatforms) = postSolution
		{DAD5E891-80C7-40F0-B9FB-ED92ED8B0DB5}.Debug|Any CPU.ActiveCfg = Debug|Any CPU
		{DAD5E891-80C7-40F0-B9FB-ED92ED8B0DB5}.Debug|Any CPU.Build.0 = Debug|Any CPU
		{DAD5E891-80C7-40F0-B9FB-ED92ED8B0DB5}.Release|Any CPU.ActiveCfg = Release|Any CPU
		{DAD5E891-80C7-40F0-B9FB-ED92ED8B0DB5}.Release|Any CPU.Build.0 = Release|Any CPU
		{0120656D-4CF5-446E-8361-4AD8EDC94A2E}.Debug|Any CPU.ActiveCfg = Debug|Any CPU
		{0120656D-4CF5-446E-8361-4AD8EDC94A2E}.Debug|Any CPU.Build.0 = Debug|Any CPU
		{0120656D-4CF5-446E-8361-4AD8EDC94A2E}.Release|Any CPU.ActiveCfg = Release|Any CPU
		{0120656D-4CF5-446E-8361-4AD8EDC94A2E}.Release|Any CPU.Build.0 = Release|Any CPU
		{DC08C25E-7DCE-479E-91C2-4E11A2983217}.Debug|Any CPU.ActiveCfg = Debug|Any CPU
		{DC08C25E-7DCE-479E-91C2-4E11A2983217}.Debug|Any CPU.Build.0 = Debug|Any CPU
		{DC08C25E-7DCE-479E-91C2-4E11A2983217}.Release|Any CPU.ActiveCfg = Release|Any CPU
		{DC08C25E-7DCE-479E-91C2-4E11A2983217}.Release|Any CPU.Build.0 = Release|Any CPU
	EndGlobalSection
	GlobalSection(SolutionProperties) = preSolution
		HideSolutionNode = FALSE
	EndGlobalSection
	GlobalSection(ExtensibilityGlobals) = postSolution
		SolutionGuid = {8D4D67CF-1EBC-4D62-8A52-5501867F209D}
	EndGlobalSection
EndGlobal
